{
  "name": "yhsi",
  "lockfileVersion": 2,
  "requires": true,
  "packages": {
    "": {
      "dependencies": {
        "vue-affix": "^0.5.2",
        "vue-json-csv": "^1.2.12",
        "vue-query-builder": "^0.8.2"
      },
      "devDependencies": {
        "prettier": "2.5.1",
        "typescript": "^4.5.4"
      }
    },
    "node_modules/core-js": {
      "version": "3.20.3",
      "resolved": "https://registry.npmjs.org/core-js/-/core-js-3.20.3.tgz",
      "integrity": "sha512-vVl8j8ph6tRS3B8qir40H7yw7voy17xL0piAjlbBUsH7WIfzoedL/ZOr1OV9FyZQLWXsayOJyV4tnRyXR85/ag==",
      "hasInstallScript": true,
      "funding": {
        "type": "opencollective",
        "url": "https://opencollective.com/core-js"
      }
    },
    "node_modules/eslint-plugin-promise": {
      "version": "4.3.1",
      "resolved": "https://registry.npmjs.org/eslint-plugin-promise/-/eslint-plugin-promise-4.3.1.tgz",
      "integrity": "sha512-bY2sGqyptzFBDLh/GMbAxfdJC+b0f23ME63FOE4+Jao0oZ3E1LEwFtWJX/1pGMJLiTtrSSern2CRM/g+dfc0eQ==",
      "engines": {
        "node": ">=6"
      }
    },
    "node_modules/file-saver": {
      "version": "2.0.5",
      "resolved": "https://registry.npmjs.org/file-saver/-/file-saver-2.0.5.tgz",
      "integrity": "sha512-P9bmyZ3h/PRG+Nzga+rbdI4OEpNDzAVyy74uVO9ATgzLK6VtAsYybF/+TOCvrc0MO793d6+42lLyZTw7/ArVzA=="
    },
    "node_modules/lodash.mapkeys": {
      "version": "4.6.0",
      "resolved": "https://registry.npmjs.org/lodash.mapkeys/-/lodash.mapkeys-4.6.0.tgz",
      "integrity": "sha1-3yz6Ix18V8eorQA6va1dc9PqUZU="
    },
    "node_modules/lodash.pick": {
      "version": "4.4.0",
      "resolved": "https://registry.npmjs.org/lodash.pick/-/lodash.pick-4.4.0.tgz",
      "integrity": "sha1-UvBWEP/53tQiYRRB7R/BI6AwAbM="
    },
    "node_modules/lodash.pickby": {
      "version": "4.6.0",
      "resolved": "https://registry.npmjs.org/lodash.pickby/-/lodash.pickby-4.6.0.tgz",
      "integrity": "sha1-feoh2MGNdwOifHBMFdO4SmfjOv8="
    },
    "node_modules/papaparse": {
      "version": "5.3.1",
      "resolved": "https://registry.npmjs.org/papaparse/-/papaparse-5.3.1.tgz",
      "integrity": "sha512-Dbt2yjLJrCwH2sRqKFFJaN5XgIASO9YOFeFP8rIBRG2Ain8mqk5r1M6DkfvqEVozVcz3r3HaUGw253hA1nLIcA=="
    },
    "node_modules/prettier": {
      "version": "2.5.1",
      "resolved": "https://registry.npmjs.org/prettier/-/prettier-2.5.1.tgz",
      "integrity": "sha512-vBZcPRUR5MZJwoyi3ZoyQlc1rXeEck8KgeC9AwwOn+exuxLxq5toTRDTSaVrXHxelDMHy9zlicw8u66yxoSUFg==",
      "dev": true,
      "bin": {
        "prettier": "bin-prettier.js"
      },
      "engines": {
        "node": ">=10.13.0"
      }
    },
    "node_modules/typescript": {
      "version": "4.5.4",
      "resolved": "https://registry.npmjs.org/typescript/-/typescript-4.5.4.tgz",
      "integrity": "sha512-VgYs2A2QIRuGphtzFV7aQJduJ2gyfTljngLzjpfW9FoYZF6xuw1W0vW9ghCKLfcWrCFxK81CSGRAvS1pn4fIUg==",
      "dev": true,
      "bin": {
        "tsc": "bin/tsc",
        "tsserver": "bin/tsserver"
      },
      "engines": {
        "node": ">=4.2.0"
      }
    },
    "node_modules/vue": {
      "version": "2.6.14",
      "resolved": "https://registry.npmjs.org/vue/-/vue-2.6.14.tgz",
      "integrity": "sha512-x2284lgYvjOMj3Za7kqzRcUSxBboHqtgRE2zlos1qWaOye5yUmHn42LB1250NJBLRwEcdrB0JRwyPTEPhfQjiQ=="
    },
    "node_modules/vue-affix": {
      "version": "0.5.2",
      "resolved": "https://registry.npmjs.org/vue-affix/-/vue-affix-0.5.2.tgz",
      "integrity": "sha512-60TedWOHHuqTpaZsTni9yyc+FwH4qP/Kjt6QegK7Hv1G+tP/CJ7+K1mTRsrEJkjUq55Q0a7hjHTblv+Y+u4o0Q=="
    },
    "node_modules/vue-json-csv": {
      "version": "1.2.12",
      "resolved": "https://registry.npmjs.org/vue-json-csv/-/vue-json-csv-1.2.12.tgz",
      "integrity": "sha512-TVgEmTZyzQx87OKZXA0gDSj24YL54Zs+eaHVClbr2W7uCbQTjWw0Qu9ScbHS02TXjJI5azJ0t2h/2sP58uMcjQ==",
      "dependencies": {
        "file-saver": "^2.0.5",
        "lodash.mapkeys": "^4.6.0",
        "lodash.pick": "^4.4.0",
        "lodash.pickby": "^4.6.0",
        "papaparse": "^5.3.0",
        "vue": "^2.6.12"
      }
    },
    "node_modules/vue-query-builder": {
      "version": "0.8.2",
      "resolved": "https://registry.npmjs.org/vue-query-builder/-/vue-query-builder-0.8.2.tgz",
      "integrity": "sha512-HVFjPwiLaUVuING89feJcc+t/rrfesYu/Y0Rsi8IR4i4eo5vFMglq2I3RwOdFcTwUU325fiYdzEd4aT9zH4vaA==",
      "deprecated": "Package no longer supported. Contact Support at https://www.npmjs.com/support for more info.",
      "dependencies": {
        "core-js": "^3.4.4",
        "eslint-plugin-promise": "^4.2.1",
        "vue": "^2.6.11"
      }
    }
  },
  "dependencies": {
    "core-js": {
      "version": "3.20.3",
      "resolved": "https://registry.npmjs.org/core-js/-/core-js-3.20.3.tgz",
      "integrity": "sha512-vVl8j8ph6tRS3B8qir40H7yw7voy17xL0piAjlbBUsH7WIfzoedL/ZOr1OV9FyZQLWXsayOJyV4tnRyXR85/ag=="
    },
    "eslint-plugin-promise": {
      "version": "4.3.1",
      "resolved": "https://registry.npmjs.org/eslint-plugin-promise/-/eslint-plugin-promise-4.3.1.tgz",
      "integrity": "sha512-bY2sGqyptzFBDLh/GMbAxfdJC+b0f23ME63FOE4+Jao0oZ3E1LEwFtWJX/1pGMJLiTtrSSern2CRM/g+dfc0eQ=="
    },
    "file-saver": {
      "version": "2.0.5",
      "resolved": "https://registry.npmjs.org/file-saver/-/file-saver-2.0.5.tgz",
      "integrity": "sha512-P9bmyZ3h/PRG+Nzga+rbdI4OEpNDzAVyy74uVO9ATgzLK6VtAsYybF/+TOCvrc0MO793d6+42lLyZTw7/ArVzA=="
    },
    "lodash.mapkeys": {
      "version": "4.6.0",
      "resolved": "https://registry.npmjs.org/lodash.mapkeys/-/lodash.mapkeys-4.6.0.tgz",
      "integrity": "sha1-3yz6Ix18V8eorQA6va1dc9PqUZU="
    },
    "lodash.pick": {
      "version": "4.4.0",
      "resolved": "https://registry.npmjs.org/lodash.pick/-/lodash.pick-4.4.0.tgz",
      "integrity": "sha1-UvBWEP/53tQiYRRB7R/BI6AwAbM="
    },
    "lodash.pickby": {
      "version": "4.6.0",
      "resolved": "https://registry.npmjs.org/lodash.pickby/-/lodash.pickby-4.6.0.tgz",
      "integrity": "sha1-feoh2MGNdwOifHBMFdO4SmfjOv8="
    },
    "papaparse": {
      "version": "5.3.1",
      "resolved": "https://registry.npmjs.org/papaparse/-/papaparse-5.3.1.tgz",
      "integrity": "sha512-Dbt2yjLJrCwH2sRqKFFJaN5XgIASO9YOFeFP8rIBRG2Ain8mqk5r1M6DkfvqEVozVcz3r3HaUGw253hA1nLIcA=="
    },
    "prettier": {
      "version": "2.5.1",
      "resolved": "https://registry.npmjs.org/prettier/-/prettier-2.5.1.tgz",
      "integrity": "sha512-vBZcPRUR5MZJwoyi3ZoyQlc1rXeEck8KgeC9AwwOn+exuxLxq5toTRDTSaVrXHxelDMHy9zlicw8u66yxoSUFg==",
      "dev": true
    },
    "typescript": {
      "version": "4.5.4",
      "resolved": "https://registry.npmjs.org/typescript/-/typescript-4.5.4.tgz",
      "integrity": "sha512-VgYs2A2QIRuGphtzFV7aQJduJ2gyfTljngLzjpfW9FoYZF6xuw1W0vW9ghCKLfcWrCFxK81CSGRAvS1pn4fIUg==",
      "dev": true
    },
    "vue": {
      "version": "2.6.14",
      "resolved": "https://registry.npmjs.org/vue/-/vue-2.6.14.tgz",
      "integrity": "sha512-x2284lgYvjOMj3Za7kqzRcUSxBboHqtgRE2zlos1qWaOye5yUmHn42LB1250NJBLRwEcdrB0JRwyPTEPhfQjiQ=="
    },
    "vue-affix": {
      "version": "0.5.2",
      "resolved": "https://registry.npmjs.org/vue-affix/-/vue-affix-0.5.2.tgz",
      "integrity": "sha512-60TedWOHHuqTpaZsTni9yyc+FwH4qP/Kjt6QegK7Hv1G+tP/CJ7+K1mTRsrEJkjUq55Q0a7hjHTblv+Y+u4o0Q=="
    },
    "vue-json-csv": {
      "version": "1.2.12",
      "resolved": "https://registry.npmjs.org/vue-json-csv/-/vue-json-csv-1.2.12.tgz",
      "integrity": "sha512-TVgEmTZyzQx87OKZXA0gDSj24YL54Zs+eaHVClbr2W7uCbQTjWw0Qu9ScbHS02TXjJI5azJ0t2h/2sP58uMcjQ==",
      "requires": {
        "file-saver": "^2.0.5",
        "lodash.mapkeys": "^4.6.0",
        "lodash.pick": "^4.4.0",
        "lodash.pickby": "^4.6.0",
        "papaparse": "^5.3.0",
        "vue": "^2.6.12"
      }
    },
    "vue-query-builder": {
      "version": "0.8.2",
      "resolved": "https://registry.npmjs.org/vue-query-builder/-/vue-query-builder-0.8.2.tgz",
      "integrity": "sha512-HVFjPwiLaUVuING89feJcc+t/rrfesYu/Y0Rsi8IR4i4eo5vFMglq2I3RwOdFcTwUU325fiYdzEd4aT9zH4vaA==",
      "requires": {
        "core-js": "^3.4.4",
        "eslint-plugin-promise": "^4.2.1",
        "vue": "^2.6.11"
      }
    }
  }
}
